
Microsoft Visual Studio Solution File, Format Version 12.00
# Visual Studio Version 16
VisualStudioVersion = 16.0.29613.14
MinimumVisualStudioVersion = 10.0.40219.1
Project("{FAE04EC0-301F-11D3-BF4B-00C04F79EFBC}") = "BDD_TwoFA", "BDD_TwoFA.csproj", "{BCB65DE9-AACD-4EEC-8746-E9FBB654CEA5}"
EndProject
Global
	GlobalSection(SolutionConfigurationPlatforms) = preSolution
		Debug|Any CPU = Debug|Any CPU
		Release|Any CPU = Release|Any CPU
	EndGlobalSection
	GlobalSection(ProjectConfigurationPlatforms) = postSolution
		{BCB65DE9-AACD-4EEC-8746-E9FBB654CEA5}.Debug|Any CPU.ActiveCfg = Debug|Any CPU
		{BCB65DE9-AACD-4EEC-8746-E9FBB654CEA5}.Debug|Any CPU.Build.0 = Debug|Any CPU
		{BCB65DE9-AACD-4EEC-8746-E9FBB654CEA5}.Release|Any CPU.ActiveCfg = Release|Any CPU
		{BCB65DE9-AACD-4EEC-8746-E9FBB654CEA5}.Release|Any CPU.Build.0 = Release|Any CPU
	EndGlobalSection
	GlobalSection(SolutionProperties) = preSolution
		HideSolutionNode = FALSE
	EndGlobalSection
	GlobalSection(ExtensibilityGlobals) = postSolution
		SolutionGuid = {A4FF3936-F683-4298-BBE1-90D56C7C2F80}
	EndGlobalSection
EndGlobal
